
Microsoft Visual Studio Solution File, Format Version 12.00
# Visual Studio 15
VisualStudioVersion = 15.0.28307.1340
MinimumVisualStudioVersion = 10.0.40219.1
Project("{FAE04EC0-301F-11D3-BF4B-00C04F79EFBC}") = "work_01", "work_01\work_01.csproj", "{0C7FA27A-0A82-47AB-BEF6-240B9C742F15}"
EndProject
Global
	GlobalSection(SolutionConfigurationPlatforms) = preSolution
		Debug|Any CPU = Debug|Any CPU
		Release|Any CPU = Release|Any CPU
	EndGlobalSection
	GlobalSection(ProjectConfigurationPlatforms) = postSolution
		{0C7FA27A-0A82-47AB-BEF6-240B9C742F15}.Debug|Any CPU.ActiveCfg = Debug|Any CPU
		{0C7FA27A-0A82-47AB-BEF6-240B9C742F15}.Debug|Any CPU.Build.0 = Debug|Any CPU
		{0C7FA27A-0A82-47AB-BEF6-240B9C742F15}.Release|Any CPU.ActiveCfg = Release|Any CPU
		{0C7FA27A-0A82-47AB-BEF6-240B9C742F15}.Release|Any CPU.Build.0 = Release|Any CPU
	EndGlobalSection
	GlobalSection(SolutionProperties) = preSolution
		HideSolutionNode = FALSE
	EndGlobalSection
	GlobalSection(ExtensibilityGlobals) = postSolution
		SolutionGuid = {DCAE993D-7CEE-49A9-86FF-9337DBF634DF}
	EndGlobalSection
EndGlobal
